
Microsoft Visual Studio Solution File, Format Version 12.00
# Visual Studio Version 17
VisualStudioVersion = 17.11.35222.181
MinimumVisualStudioVersion = 10.0.40219.1
Project("{9A19103F-16F7-4668-BE54-9A1E7A4F7556}") = "VectorGraphicViewer", "VectorGraphicViewer.csproj", "{C53C95FD-8A73-4C8C-9C08-855FF2770318}"
EndProject
Project("{FAE04EC0-301F-11D3-BF4B-00C04F79EFBC}") = "VectorGraphicViewer.Tests", "..\VectorGraphicViewer.Tests\VectorGraphicViewer.Tests.csproj", "{D5026118-8A8A-4101-8D03-9144B399B4CF}"
EndProject
Global
	GlobalSection(SolutionConfigurationPlatforms) = preSolution
		Debug|Any CPU = Debug|Any CPU
		Release|Any CPU = Release|Any CPU
	EndGlobalSection
	GlobalSection(ProjectConfigurationPlatforms) = postSolution
		{C53C95FD-8A73-4C8C-9C08-855FF2770318}.Debug|Any CPU.ActiveCfg = Debug|Any CPU
		{C53C95FD-8A73-4C8C-9C08-855FF2770318}.Debug|Any CPU.Build.0 = Debug|Any CPU
		{C53C95FD-8A73-4C8C-9C08-855FF2770318}.Release|Any CPU.ActiveCfg = Release|Any CPU
		{C53C95FD-8A73-4C8C-9C08-855FF2770318}.Release|Any CPU.Build.0 = Release|Any CPU
		{D5026118-8A8A-4101-8D03-9144B399B4CF}.Debug|Any CPU.ActiveCfg = Debug|Any CPU
		{D5026118-8A8A-4101-8D03-9144B399B4CF}.Debug|Any CPU.Build.0 = Debug|Any CPU
		{D5026118-8A8A-4101-8D03-9144B399B4CF}.Release|Any CPU.ActiveCfg = Release|Any CPU
		{D5026118-8A8A-4101-8D03-9144B399B4CF}.Release|Any CPU.Build.0 = Release|Any CPU
	EndGlobalSection
	GlobalSection(SolutionProperties) = preSolution
		HideSolutionNode = FALSE
	EndGlobalSection
	GlobalSection(ExtensibilityGlobals) = postSolution
		SolutionGuid = {8D12114B-BE11-4165-9B63-349A513A194D}
	EndGlobalSection
EndGlobal
